
Microsoft Visual Studio Solution File, Format Version 12.00
# Visual Studio 14
VisualStudioVersion = 14.0.23107.0
MinimumVisualStudioVersion = 10.0.40219.1
Project("{FAE04EC0-301F-11D3-BF4B-00C04F79EFBC}") = "Demo", "Demo\Demo.csproj", "{B3E3EF43-4203-4B56-9816-5BEA5CAE66BF}"
EndProject
Project("{FAE04EC0-301F-11D3-BF4B-00C04F79EFBC}") = "Distributor", "Distributor\Distributor.csproj", "{1F08B68B-C4DF-43A7-BC13-83BCC0AFCE12}"
EndProject
Project("{FAE04EC0-301F-11D3-BF4B-00C04F79EFBC}") = "Distributor.UnitTests", "Distributor.UnitTests\Distributor.UnitTests.csproj", "{F9AC5556-C753-4578-82DE-FB64CB1A0EFE}"
EndProject
Global
	GlobalSection(SolutionConfigurationPlatforms) = preSolution
		Debug|Any CPU = Debug|Any CPU
		Release|Any CPU = Release|Any CPU
	EndGlobalSection
	GlobalSection(ProjectConfigurationPlatforms) = postSolution
		{B3E3EF43-4203-4B56-9816-5BEA5CAE66BF}.Debug|Any CPU.ActiveCfg = Debug|Any CPU
		{B3E3EF43-4203-4B56-9816-5BEA5CAE66BF}.Debug|Any CPU.Build.0 = Debug|Any CPU
		{B3E3EF43-4203-4B56-9816-5BEA5CAE66BF}.Release|Any CPU.ActiveCfg = Release|Any CPU
		{B3E3EF43-4203-4B56-9816-5BEA5CAE66BF}.Release|Any CPU.Build.0 = Release|Any CPU
		{1F08B68B-C4DF-43A7-BC13-83BCC0AFCE12}.Debug|Any CPU.ActiveCfg = Debug|Any CPU
		{1F08B68B-C4DF-43A7-BC13-83BCC0AFCE12}.Debug|Any CPU.Build.0 = Debug|Any CPU
		{1F08B68B-C4DF-43A7-BC13-83BCC0AFCE12}.Release|Any CPU.ActiveCfg = Release|Any CPU
		{1F08B68B-C4DF-43A7-BC13-83BCC0AFCE12}.Release|Any CPU.Build.0 = Release|Any CPU
		{F9AC5556-C753-4578-82DE-FB64CB1A0EFE}.Debug|Any CPU.ActiveCfg = Debug|Any CPU
		{F9AC5556-C753-4578-82DE-FB64CB1A0EFE}.Debug|Any CPU.Build.0 = Debug|Any CPU
		{F9AC5556-C753-4578-82DE-FB64CB1A0EFE}.Release|Any CPU.ActiveCfg = Release|Any CPU
		{F9AC5556-C753-4578-82DE-FB64CB1A0EFE}.Release|Any CPU.Build.0 = Release|Any CPU
	EndGlobalSection
	GlobalSection(SolutionProperties) = preSolution
		HideSolutionNode = FALSE
	EndGlobalSection
EndGlobal
